
Microsoft Visual Studio Solution File, Format Version 12.00
# Visual Studio 15
VisualStudioVersion = 15.0.28307.271
MinimumVisualStudioVersion = 10.0.40219.1
Project("{FAE04EC0-301F-11D3-BF4B-00C04F79EFBC}") = "KursovayaRabota", "KursovayaRabota\KursovayaRabota.csproj", "{1C8CAB5F-69D6-4BC4-A5EE-BF928F2B00C9}"
EndProject
Global
	GlobalSection(SolutionConfigurationPlatforms) = preSolution
		Debug|Any CPU = Debug|Any CPU
		Release|Any CPU = Release|Any CPU
	EndGlobalSection
	GlobalSection(ProjectConfigurationPlatforms) = postSolution
		{1C8CAB5F-69D6-4BC4-A5EE-BF928F2B00C9}.Debug|Any CPU.ActiveCfg = Debug|Any CPU
		{1C8CAB5F-69D6-4BC4-A5EE-BF928F2B00C9}.Debug|Any CPU.Build.0 = Debug|Any CPU
		{1C8CAB5F-69D6-4BC4-A5EE-BF928F2B00C9}.Release|Any CPU.ActiveCfg = Release|Any CPU
		{1C8CAB5F-69D6-4BC4-A5EE-BF928F2B00C9}.Release|Any CPU.Build.0 = Release|Any CPU
	EndGlobalSection
	GlobalSection(SolutionProperties) = preSolution
		HideSolutionNode = FALSE
	EndGlobalSection
	GlobalSection(ExtensibilityGlobals) = postSolution
		SolutionGuid = {488978DA-06E0-4822-B03D-6B1F0A015EED}
	EndGlobalSection
EndGlobal
